// !$*UTF8*$!
{
	archiveVersion = 1;
	classes = {
	};
	objectVersion = 56;
	objects = {

/* Begin PBXBuildFile section */
		322739162B022AEA00D5F3F3 /* AppDelegate.swift in Sources */ = {isa = PBXBuildFile; fileRef = 322739152B022AEA00D5F3F3 /* AppDelegate.swift */; };
		322739182B022AEA00D5F3F3 /* SceneDelegate.swift in Sources */ = {isa = PBXBuildFile; fileRef = 322739172B022AEA00D5F3F3 /* SceneDelegate.swift */; };
		3227391D2B022AEA00D5F3F3 /* Main.storyboard in Resources */ = {isa = PBXBuildFile; fileRef = 3227391B2B022AEA00D5F3F3 /* Main.storyboard */; };
		3227391F2B022AEB00D5F3F3 /* Assets.xcassets in Resources */ = {isa = PBXBuildFile; fileRef = 3227391E2B022AEB00D5F3F3 /* Assets.xcassets */; };
		322739222B022AEB00D5F3F3 /* LaunchScreen.storyboard in Resources */ = {isa = PBXBuildFile; fileRef = 322739202B022AEB00D5F3F3 /* LaunchScreen.storyboard */; };
		3227392A2B022BB500D5F3F3 /* MainViewController.swift in Sources */ = {isa = PBXBuildFile; fileRef = 322739292B022BB500D5F3F3 /* MainViewController.swift */; };
		322739312B023D8600D5F3F3 /* SettingView.swift in Sources */ = {isa = PBXBuildFile; fileRef = 322739302B023D8600D5F3F3 /* SettingView.swift */; };
/* End PBXBuildFile section */

/* Begin PBXFileReference section */
		322739122B022AEA00D5F3F3 /* UIKitWithSwiftUI.app */ = {isa = PBXFileReference; explicitFileType = wrapper.application; includeInIndex = 0; path = UIKitWithSwiftUI.app; sourceTree = BUILT_PRODUCTS_DIR; };
		322739152B022AEA00D5F3F3 /* AppDelegate.swift */ = {isa = PBXFileReference; lastKnownFileType = sourcecode.swift; path = AppDelegate.swift; sourceTree = "<group>"; };
		322739172B022AEA00D5F3F3 /* SceneDelegate.swift */ = {isa = PBXFileReference; lastKnownFileType = sourcecode.swift; path = SceneDelegate.swift; sourceTree = "<group>"; };
		3227391C2B022AEA00D5F3F3 /* Base */ = {isa = PBXFileReference; lastKnownFileType = file.storyboard; name = Base; path = Base.lproj/Main.storyboard; sourceTree = "<group>"; };
		3227391E2B022AEB00D5F3F3 /* Assets.xcassets */ = {isa = PBXFileReference; lastKnownFileType = folder.assetcatalog; path = Assets.xcassets; sourceTree = "<group>"; };
		322739212B022AEB00D5F3F3 /* Base */ = {isa = PBXFileReference; lastKnownFileType = file.storyboard; name = Base; path = Base.lproj/LaunchScreen.storyboard; sourceTree = "<group>"; };
		322739232B022AEB00D5F3F3 /* Info.plist */ = {isa = PBXFileReference; lastKnownFileType = text.plist.xml; path = Info.plist; sourceTree = "<group>"; };
		322739292B022BB500D5F3F3 /* MainViewController.swift */ = {isa = PBXFileReference; lastKnownFileType = sourcecode.swift; path = MainViewController.swift; sourceTree = "<group>"; };
		322739302B023D8600D5F3F3 /* SettingView.swift */ = {isa = PBXFileReference; lastKnownFileType = sourcecode.swift; path = SettingView.swift; sourceTree = "<group>"; };
/* End PBXFileReference section */

/* Begin PBXFrameworksBuildPhase section */
		3227390F2B022AEA00D5F3F3 /* Frameworks */ = {
			isa = PBXFrameworksBuildPhase;
			buildActionMask = 2147483647;
			files = (
			);
			runOnlyForDeploymentPostprocessing = 0;
		};
/* End PBXFrameworksBuildPhase section */

/* Begin PBXGroup section */
		322739092B022AEA00D5F3F3 = {
			isa = PBXGroup;
			children = (
				322739142B022AEA00D5F3F3 /* UIKitWithSwiftUI */,
				322739132B022AEA00D5F3F3 /* Products */,
			);
			sourceTree = "<group>";
		};
		322739132B022AEA00D5F3F3 /* Products */ = {
			isa = PBXGroup;
			children = (
				322739122B022AEA00D5F3F3 /* UIKitWithSwiftUI.app */,
			);
			name = Products;
			sourceTree = "<group>";
		};
		322739142B022AEA00D5F3F3 /* UIKitWithSwiftUI */ = {
			isa = PBXGroup;
			children = (
				3227392F2B023CC800D5F3F3 /* SwiftUIViews */,
				3227392E2B022BFD00D5F3F3 /* Utilites */,
				3227392D2B022BD600D5F3F3 /* Models */,
				3227392C2B022BD400D5F3F3 /* Views */,
				3227392B2B022BD200D5F3F3 /* Controllers */,
				322739232B022AEB00D5F3F3 /* Info.plist */,
			);
			path = UIKitWithSwiftUI;
			sourceTree = "<group>";
		};
		3227392B2B022BD200D5F3F3 /* Controllers */ = {
			isa = PBXGroup;
			children = (
				322739292B022BB500D5F3F3 /* MainViewController.swift */,
			);
			path = Controllers;
			sourceTree = "<group>";
		};
		3227392C2B022BD400D5F3F3 /* Views */ = {
			isa = PBXGroup;
			children = (
				3227391B2B022AEA00D5F3F3 /* Main.storyboard */,
				322739202B022AEB00D5F3F3 /* LaunchScreen.storyboard */,
			);
			path = Views;
			sourceTree = "<group>";
		};
		3227392D2B022BD600D5F3F3 /* Models */ = {
			isa = PBXGroup;
			children = (
			);
			path = Models;
			sourceTree = "<group>";
		};
		3227392E2B022BFD00D5F3F3 /* Utilites */ = {
			isa = PBXGroup;
			children = (
				3227391E2B022AEB00D5F3F3 /* Assets.xcassets */,
				322739172B022AEA00D5F3F3 /* SceneDelegate.swift */,
				322739152B022AEA00D5F3F3 /* AppDelegate.swift */,
			);
			path = Utilites;
			sourceTree = "<group>";
		};
		3227392F2B023CC800D5F3F3 /* SwiftUIViews */ = {
			isa = PBXGroup;
			children = (
				322739302B023D8600D5F3F3 /* SettingView.swift */,
			);
			path = SwiftUIViews;
			sourceTree = "<group>";
		};
/* End PBXGroup section */

/* Begin PBXNativeTarget section */
		322739112B022AEA00D5F3F3 /* UIKitWithSwiftUI */ = {
			isa = PBXNativeTarget;
			buildConfigurationList = 322739262B022AEB00D5F3F3 /* Build configuration list for PBXNativeTarget "UIKitWithSwiftUI" */;
			buildPhases = (
				3227390E2B022AEA00D5F3F3 /* Sources */,
				3227390F2B022AEA00D5F3F3 /* Frameworks */,
				322739102B022AEA00D5F3F3 /* Resources */,
			);
			buildRules = (
			);
			dependencies = (
			);
			name = UIKitWithSwiftUI;
			productName = UIKitWithSwiftUI;
			productReference = 322739122B022AEA00D5F3F3 /* UIKitWithSwiftUI.app */;
			productType = "com.apple.product-type.application";
		};
/* End PBXNativeTarget section */

/* Begin PBXProject section */
		3227390A2B022AEA00D5F3F3 /* Project object */ = {
			isa = PBXProject;
			attributes = {
				BuildIndependentTargetsInParallel = 1;
				LastSwiftUpdateCheck = 1500;
				LastUpgradeCheck = 1500;
				TargetAttributes = {
					322739112B022AEA00D5F3F3 = {
						CreatedOnToolsVersion = 15.0.1;
					};
				};
			};
			buildConfigurationList = 3227390D2B022AEA00D5F3F3 /* Build configuration list for PBXProject "UIKitWithSwiftUI" */;
			compatibilityVersion = "Xcode 14.0";
			developmentRegion = en;
			hasScannedForEncodings = 0;
			knownRegions = (
				en,
				Base,
			);
			mainGroup = 322739092B022AEA00D5F3F3;
			productRefGroup = 322739132B022AEA00D5F3F3 /* Products */;
			projectDirPath = "";
			projectRoot = "";
			targets = (
				322739112B022AEA00D5F3F3 /* UIKitWithSwiftUI */,
			);
		};
/* End PBXProject section */

/* Begin PBXResourcesBuildPhase section */
		322739102B022AEA00D5F3F3 /* Resources */ = {
			isa = PBXResourcesBuildPhase;
			buildActionMask = 2147483647;
			files = (
				322739222B022AEB00D5F3F3 /* LaunchScreen.storyboard in Resources */,
				3227391F2B022AEB00D5F3F3 /* Assets.xcassets in Resources */,
				3227391D2B022AEA00D5F3F3 /* Main.storyboard in Resources */,
			);
			runOnlyForDeploymentPostprocessing = 0;
		};
/* End PBXResourcesBuildPhase section */

/* Begin PBXSourcesBuildPhase section */
		3227390E2B022AEA00D5F3F3 /* Sources */ = {
			isa = PBXSourcesBuildPhase;
			buildActionMask = 2147483647;
			files = (
				3227392A2B022BB500D5F3F3 /* MainViewController.swift in Sources */,
				322739312B023D8600D5F3F3 /* SettingView.swift in Sources */,
				322739162B022AEA00D5F3F3 /* AppDelegate.swift in Sources */,
				322739182B022AEA00D5F3F3 /* SceneDelegate.swift in Sources */,
			);
			runOnlyForDeploymentPostprocessing = 0;
		};
/* End PBXSourcesBuildPhase section */

/* Begin PBXVariantGroup section */
		3227391B2B022AEA00D5F3F3 /* Main.storyboard */ = {
			isa = PBXVariantGroup;
			children = (
				3227391C2B022AEA00D5F3F3 /* Base */,
			);
			name = Main.storyboard;
			sourceTree = "<group>";
		};
		322739202B022AEB00D5F3F3 /* LaunchScreen.storyboard */ = {
			isa = PBXVariantGroup;
			children = (
				322739212B022AEB00D5F3F3 /* Base */,
			);
			name = LaunchScreen.storyboard;
			sourceTree = "<group>";
		};
/* End PBXVariantGroup section */

/* Begin XCBuildConfiguration section */
		322739242B022AEB00D5F3F3 /* Debug */ = {
			isa = XCBuildConfiguration;
			buildSettings = {
				ALWAYS_SEARCH_USER_PATHS = NO;
				ASSETCATALOG_COMPILER_GENERATE_SWIFT_ASSET_SYMBOL_EXTENSIONS = YES;
				CLANG_ANALYZER_NONNULL = YES;
				CLANG_ANALYZER_NUMBER_OBJECT_CONVERSION = YES_AGGRESSIVE;
				CLANG_CXX_LANGUAGE_STANDARD = "gnu++20";
				CLANG_ENABLE_MODULES = YES;
				CLANG_ENABLE_OBJC_ARC = YES;
				CLANG_ENABLE_OBJC_WEAK = YES;
				CLANG_WARN_BLOCK_CAPTURE_AUTORELEASING = YES;
				CLANG_WARN_BOOL_CONVERSION = YES;
				CLANG_WARN_COMMA = YES;
				CLANG_WARN_CONSTANT_CONVERSION = YES;
				CLANG_WARN_DEPRECATED_OBJC_IMPLEMENTATIONS = YES;
				CLANG_WARN_DIRECT_OBJC_ISA_USAGE = YES_ERROR;
				CLANG_WARN_DOCUMENTATION_COMMENTS = YES;
				CLANG_WARN_EMPTY_BODY = YES;
				CLANG_WARN_ENUM_CONVERSION = YES;
				CLANG_WARN_INFINITE_RECURSION = YES;
				CLANG_WARN_INT_CONVERSION = YES;
				CLANG_WARN_NON_LITERAL_NULL_CONVERSION = YES;
				CLANG_WARN_OBJC_IMPLICIT_RETAIN_SELF = YES;
				CLANG_WARN_OBJC_LITERAL_CONVERSION = YES;
				CLANG_WARN_OBJC_ROOT_CLASS = YES_ERROR;
				CLANG_WARN_QUOTED_INCLUDE_IN_FRAMEWORK_HEADER = YES;
				CLANG_WARN_RANGE_LOOP_ANALYSIS = YES;
				CLANG_WARN_STRICT_PROTOTYPES = YES;
				CLANG_WARN_SUSPICIOUS_MOVE = YES;
				CLANG_WARN_UNGUARDED_AVAILABILITY = YES_AGGRESSIVE;
				CLANG_WARN_UNREACHABLE_CODE = YES;
				CLANG_WARN__DUPLICATE_METHOD_MATCH = YES;
				COPY_PHASE_STRIP = NO;
				DEBUG_INFORMATION_FORMAT = dwarf;
				ENABLE_STRICT_OBJC_MSGSEND = YES;
				ENABLE_TESTABILITY = YES;
				ENABLE_USER_SCRIPT_SANDBOXING = YES;
				GCC_C_LANGUAGE_STANDARD = gnu17;
				GCC_DYNAMIC_NO_PIC = NO;
				GCC_NO_COMMON_BLOCKS = YES;
				GCC_OPTIMIZATION_LEVEL = 0;
				GCC_PREPROCESSOR_DEFINITIONS = (
					"DEBUG=1",
					"$(inherited)",
				);
				GCC_WARN_64_TO_32_BIT_CONVERSION = YES;
				GCC_WARN_ABOUT_RETURN_TYPE = YES_ERROR;
				GCC_WARN_UNDECLARED_SELECTOR = YES;
				GCC_WARN_UNINITIALIZED_AUTOS = YES_AGGRESSIVE;
				GCC_WARN_UNUSED_FUNCTION = YES;
				GCC_WARN_UNUSED_VARIABLE = YES;
				IPHONEOS_DEPLOYMENT_TARGET = 17.0;
				LOCALIZATION_PREFERS_STRING_CATALOGS = YES;
				MTL_ENABLE_DEBUG_INFO = INCLUDE_SOURCE;
				MTL_FAST_MATH = YES;
				ONLY_ACTIVE_ARCH = YES;
				SDKROOT = iphoneos;
				SWIFT_ACTIVE_COMPILATION_CONDITIONS = "DEBUG $(inherited)";
				SWIFT_OPTIMIZATION_LEVEL = "-Onone";
			};
			name = Debug;
		};
		322739252B022AEB00D5F3F3 /* Release */ = {
			isa = XCBuildConfiguration;
			buildSettings = {
				ALWAYS_SEARCH_USER_PATHS = NO;
				ASSETCATALOG_COMPILER_GENERATE_SWIFT_ASSET_SYMBOL_EXTENSIONS = YES;
				CLANG_ANALYZER_NONNULL = YES;
				CLANG_ANALYZER_NUMBER_OBJECT_CONVERSION = YES_AGGRESSIVE;
				CLANG_CXX_LANGUAGE_STANDARD = "gnu++20";
				CLANG_ENABLE_MODULES = YES;
				CLANG_ENABLE_OBJC_ARC = YES;
				CLANG_ENABLE_OBJC_WEAK = YES;
				CLANG_WARN_BLOCK_CAPTURE_AUTORELEASING = YES;
				CLANG_WARN_BOOL_CONVERSION = YES;
				CLANG_WARN_COMMA = YES;
				CLANG_WARN_CONSTANT_CONVERSION = YES;
				CLANG_WARN_DEPRECATED_OBJC_IMPLEMENTATIONS = YES;
				CLANG_WARN_DIRECT_OBJC_ISA_USAGE = YES_ERROR;
				CLANG_WARN_DOCUMENTATION_COMMENTS = YES;
				CLANG_WARN_EMPTY_BODY = YES;
				CLANG_WARN_ENUM_CONVERSION = YES;
				CLANG_WARN_INFINITE_RECURSION = YES;
				CLANG_WARN_INT_CONVERSION = YES;
				CLANG_WARN_NON_LITERAL_NULL_CONVERSION = YES;
				CLANG_WARN_OBJC_IMPLICIT_RETAIN_SELF = YES;
				CLANG_WARN_OBJC_LITERAL_CONVERSION = YES;
				CLANG_WARN_OBJC_ROOT_CLASS = YES_ERROR;
				CLANG_WARN_QUOTED_INCLUDE_IN_FRAMEWORK_HEADER = YES;
				CLANG_WARN_RANGE_LOOP_ANALYSIS = YES;
				CLANG_WARN_STRICT_PROTOTYPES = YES;
				CLANG_WARN_SUSPICIOUS_MOVE = YES;
				CLANG_WARN_UNGUARDED_AVAILABILITY = YES_AGGRESSIVE;
				CLANG_WARN_UNREACHABLE_CODE = YES;
				CLANG_WARN__DUPLICATE_METHOD_MATCH = YES;
				COPY_PHASE_STRIP = NO;
				DEBUG_INFORMATION_FORMAT = "dwarf-with-dsym";
				ENABLE_NS_ASSERTIONS = NO;
				ENABLE_STRICT_OBJC_MSGSEND = YES;
				ENABLE_USER_SCRIPT_SANDBOXING = YES;
				GCC_C_LANGUAGE_STANDARD = gnu17;
				GCC_NO_COMMON_BLOCKS = YES;
				GCC_WARN_64_TO_32_BIT_CONVERSION = YES;
				GCC_WARN_ABOUT_RETURN_TYPE = YES_ERROR;
				GCC_WARN_UNDECLARED_SELECTOR = YES;
				GCC_WARN_UNINITIALIZED_AUTOS = YES_AGGRESSIVE;
				GCC_WARN_UNUSED_FUNCTION = YES;
				GCC_WARN_UNUSED_VARIABLE = YES;
				IPHONEOS_DEPLOYMENT_TARGET = 17.0;
				LOCALIZATION_PREFERS_STRING_CATALOGS = YES;
				MTL_ENABLE_DEBUG_INFO = NO;
				MTL_FAST_MATH = YES;
				SDKROOT = iphoneos;
				SWIFT_COMPILATION_MODE = wholemodule;
				VALIDATE_PRODUCT = YES;
			};
			name = Release;
		};
		322739272B022AEB00D5F3F3 /* Debug */ = {
			isa = XCBuildConfiguration;
			buildSettings = {
				ASSETCATALOG_COMPILER_APPICON_NAME = AppIcon;
				ASSETCATALOG_COMPILER_GLOBAL_ACCENT_COLOR_NAME = AccentColor;
				CODE_SIGN_STYLE = Automatic;
				CURRENT_PROJECT_VERSION = 1;
				DEVELOPMENT_TEAM = F7JDMRXJ35;
				GENERATE_INFOPLIST_FILE = YES;
				INFOPLIST_FILE = UIKitWithSwiftUI/Info.plist;
				INFOPLIST_KEY_UIApplicationSupportsIndirectInputEvents = YES;
				INFOPLIST_KEY_UILaunchStoryboardName = LaunchScreen;
				INFOPLIST_KEY_UIMainStoryboardFile = Main;
				INFOPLIST_KEY_UISupportedInterfaceOrientations_iPad = "UIInterfaceOrientationPortrait UIInterfaceOrientationPortraitUpsideDown UIInterfaceOrientationLandscapeLeft UIInterfaceOrientationLandscapeRight";
				INFOPLIST_KEY_UISupportedInterfaceOrientations_iPhone = "UIInterfaceOrientationPortrait UIInterfaceOrientationLandscapeLeft UIInterfaceOrientationLandscapeRight";
				LD_RUNPATH_SEARCH_PATHS = (
					"$(inherited)",
					"@executable_path/Frameworks",
				);
				MARKETING_VERSION = 1.0;
				PRODUCT_BUNDLE_IDENTIFIER = swallower10.UIKitWithSwiftUI;
				PRODUCT_NAME = "$(TARGET_NAME)";
				SWIFT_EMIT_LOC_STRINGS = YES;
				SWIFT_VERSION = 5.0;
				TARGETED_DEVICE_FAMILY = "1,2";
			};
			name = Debug;
		};
		322739282B022AEB00D5F3F3 /* Release */ = {
			isa = XCBuildConfiguration;
			buildSettings = {
				ASSETCATALOG_COMPILER_APPICON_NAME = AppIcon;
				ASSETCATALOG_COMPILER_GLOBAL_ACCENT_COLOR_NAME = AccentColor;
				CODE_SIGN_STYLE = Automatic;
				CURRENT_PROJECT_VERSION = 1;
				DEVELOPMENT_TEAM = F7JDMRXJ35;
				GENERATE_INFOPLIST_FILE = YES;
				INFOPLIST_FILE = UIKitWithSwiftUI/Info.plist;
				INFOPLIST_KEY_UIApplicationSupportsIndirectInputEvents = YES;
				INFOPLIST_KEY_UILaunchStoryboardName = LaunchScreen;
				INFOPLIST_KEY_UIMainStoryboardFile = Main;
				INFOPLIST_KEY_UISupportedInterfaceOrientations_iPad = "UIInterfaceOrientationPortrait UIInterfaceOrientationPortraitUpsideDown UIInterfaceOrientationLandscapeLeft UIInterfaceOrientationLandscapeRight";
				INFOPLIST_KEY_UISupportedInterfaceOrientations_iPhone = "UIInterfaceOrientationPortrait UIInterfaceOrientationLandscapeLeft UIInterfaceOrientationLandscapeRight";
				LD_RUNPATH_SEARCH_PATHS = (
					"$(inherited)",
					"@executable_path/Frameworks",
				);
				MARKETING_VERSION = 1.0;
				PRODUCT_BUNDLE_IDENTIFIER = swallower10.UIKitWithSwiftUI;
				PRODUCT_NAME = "$(TARGET_NAME)";
				SWIFT_EMIT_LOC_STRINGS = YES;
				SWIFT_VERSION = 5.0;
				TARGETED_DEVICE_FAMILY = "1,2";
			};
			name = Release;
		};
/* End XCBuildConfiguration section */

/* Begin XCConfigurationList section */
		3227390D2B022AEA00D5F3F3 /* Build configuration list for PBXProject "UIKitWithSwiftUI" */ = {
			isa = XCConfigurationList;
			buildConfigurations = (
				322739242B022AEB00D5F3F3 /* Debug */,
				322739252B022AEB00D5F3F3 /* Release */,
			);
			defaultConfigurationIsVisible = 0;
			defaultConfigurationName = Release;
		};
		322739262B022AEB00D5F3F3 /* Build configuration list for PBXNativeTarget "UIKitWithSwiftUI" */ = {
			isa = XCConfigurationList;
			buildConfigurations = (
				322739272B022AEB00D5F3F3 /* Debug */,
				322739282B022AEB00D5F3F3 /* Release */,
			);
			defaultConfigurationIsVisible = 0;
			defaultConfigurationName = Release;
		};
/* End XCConfigurationList section */
	};
	rootObject = 3227390A2B022AEA00D5F3F3 /* Project object */;
}
